
Microsoft Visual Studio Solution File, Format Version 12.00
# Visual Studio 15
VisualStudioVersion = 15.0.28010.2036
MinimumVisualStudioVersion = 10.0.40219.1
Project("{FAE04EC0-301F-11D3-BF4B-00C04F79EFBC}") = "Carflix2", "Carflix2\Carflix2.csproj", "{57FE08E3-5E90-4EA8-8B63-15A39A24BD90}"
EndProject
Global
	GlobalSection(SolutionConfigurationPlatforms) = preSolution
		Debug|Any CPU = Debug|Any CPU
		Release|Any CPU = Release|Any CPU
	EndGlobalSection
	GlobalSection(ProjectConfigurationPlatforms) = postSolution
		{57FE08E3-5E90-4EA8-8B63-15A39A24BD90}.Debug|Any CPU.ActiveCfg = Debug|Any CPU
		{57FE08E3-5E90-4EA8-8B63-15A39A24BD90}.Debug|Any CPU.Build.0 = Debug|Any CPU
		{57FE08E3-5E90-4EA8-8B63-15A39A24BD90}.Release|Any CPU.ActiveCfg = Release|Any CPU
		{57FE08E3-5E90-4EA8-8B63-15A39A24BD90}.Release|Any CPU.Build.0 = Release|Any CPU
	EndGlobalSection
	GlobalSection(SolutionProperties) = preSolution
		HideSolutionNode = FALSE
	EndGlobalSection
	GlobalSection(ExtensibilityGlobals) = postSolution
		SolutionGuid = {D0453AAE-B9CC-4A4C-976E-A4A730F2F252}
	EndGlobalSection
EndGlobal
